
Microsoft Visual Studio Solution File, Format Version 12.00
Project("{FAE04EC0-301F-11D3-BF4B-00C04F79EFBC}") = "FAMS.V0.Services.UserService", "FAMS.V0.Services.UserService\FAMS.V0.Services.UserService.csproj", "{3635C6A8-5AC3-484D-BE41-06FE12D265DB}"
EndProject
Project("{2150E333-8FDC-42A3-9474-1A3956D46DE8}") = "src", "src", "{F150B9F6-99DE-4639-9EAE-A16D91B4133C}"
EndProject
Project("{2150E333-8FDC-42A3-9474-1A3956D46DE8}") = "test", "test", "{EE962282-6372-4B7E-B52C-5CFC9CFCDDED}"
EndProject
Project("{FAE04EC0-301F-11D3-BF4B-00C04F79EFBC}") = "FAMS.V0.Test.UserServiceTest", "FAMS.V0.Test.UserServiceTest\FAMS.V0.Test.UserServiceTest.csproj", "{AEDEDFE3-1C43-491E-A3ED-A0D0929E454E}"
EndProject
Project("{FAE04EC0-301F-11D3-BF4B-00C04F79EFBC}") = "FAMS.V0.Shared", "FAMS.V0.Shared\FAMS.V0.Shared.csproj", "{6D89D28B-B8C9-49BE-845E-65B092EB57EB}"
EndProject
Project("{FAE04EC0-301F-11D3-BF4B-00C04F79EFBC}") = "FAMS.V0.Services.SyllabusService", "FAMS.V0.Services.SyllabusService\FAMS.V0.Services.SyllabusService.csproj", "{B0FB2BC9-4178-441D-B588-0105E8A47726}"
EndProject
Project("{FAE04EC0-301F-11D3-BF4B-00C04F79EFBC}") = "FAMS.V0.ApiGateWay", "FAMS.V0.ApiGateWay\FAMS.V0.ApiGateWay.csproj", "{EB07335E-639D-4AD8-A646-AEB94CADE687}"
EndProject
Project("{FAE04EC0-301F-11D3-BF4B-00C04F79EFBC}") = "FAMS.V0.Services.AuthenticationService", "FAMS.V0.Services.AuthenticationService\FAMS.V0.Services.AuthenticationService.csproj", "{BC35C3BA-4070-4ECC-8A63-74511605C5F0}"
EndProject
Project("{FAE04EC0-301F-11D3-BF4B-00C04F79EFBC}") = "FAMS.V0.Services.TrainingProgramService", "FAMS.V0.Services.TrainingProgramService\FAMS.V0.Services.TrainingProgramService.csproj", "{97463E98-3BAD-4A03-BFCF-2B20B1083BD0}"
EndProject
Global
	GlobalSection(SolutionConfigurationPlatforms) = preSolution
		Debug|Any CPU = Debug|Any CPU
		Release|Any CPU = Release|Any CPU
	EndGlobalSection
	GlobalSection(ProjectConfigurationPlatforms) = postSolution
		{3635C6A8-5AC3-484D-BE41-06FE12D265DB}.Debug|Any CPU.ActiveCfg = Debug|Any CPU
		{3635C6A8-5AC3-484D-BE41-06FE12D265DB}.Debug|Any CPU.Build.0 = Debug|Any CPU
		{3635C6A8-5AC3-484D-BE41-06FE12D265DB}.Release|Any CPU.ActiveCfg = Release|Any CPU
		{3635C6A8-5AC3-484D-BE41-06FE12D265DB}.Release|Any CPU.Build.0 = Release|Any CPU
		{AEDEDFE3-1C43-491E-A3ED-A0D0929E454E}.Debug|Any CPU.ActiveCfg = Debug|Any CPU
		{AEDEDFE3-1C43-491E-A3ED-A0D0929E454E}.Debug|Any CPU.Build.0 = Debug|Any CPU
		{AEDEDFE3-1C43-491E-A3ED-A0D0929E454E}.Release|Any CPU.ActiveCfg = Release|Any CPU
		{AEDEDFE3-1C43-491E-A3ED-A0D0929E454E}.Release|Any CPU.Build.0 = Release|Any CPU
		{6D89D28B-B8C9-49BE-845E-65B092EB57EB}.Debug|Any CPU.ActiveCfg = Debug|Any CPU
		{6D89D28B-B8C9-49BE-845E-65B092EB57EB}.Debug|Any CPU.Build.0 = Debug|Any CPU
		{6D89D28B-B8C9-49BE-845E-65B092EB57EB}.Release|Any CPU.ActiveCfg = Release|Any CPU
		{6D89D28B-B8C9-49BE-845E-65B092EB57EB}.Release|Any CPU.Build.0 = Release|Any CPU
		{B0FB2BC9-4178-441D-B588-0105E8A47726}.Debug|Any CPU.ActiveCfg = Debug|Any CPU
		{B0FB2BC9-4178-441D-B588-0105E8A47726}.Debug|Any CPU.Build.0 = Debug|Any CPU
		{B0FB2BC9-4178-441D-B588-0105E8A47726}.Release|Any CPU.ActiveCfg = Release|Any CPU
		{B0FB2BC9-4178-441D-B588-0105E8A47726}.Release|Any CPU.Build.0 = Release|Any CPU
		{EB07335E-639D-4AD8-A646-AEB94CADE687}.Debug|Any CPU.ActiveCfg = Debug|Any CPU
		{EB07335E-639D-4AD8-A646-AEB94CADE687}.Debug|Any CPU.Build.0 = Debug|Any CPU
		{EB07335E-639D-4AD8-A646-AEB94CADE687}.Release|Any CPU.ActiveCfg = Release|Any CPU
		{EB07335E-639D-4AD8-A646-AEB94CADE687}.Release|Any CPU.Build.0 = Release|Any CPU
		{BC35C3BA-4070-4ECC-8A63-74511605C5F0}.Debug|Any CPU.ActiveCfg = Debug|Any CPU
		{BC35C3BA-4070-4ECC-8A63-74511605C5F0}.Debug|Any CPU.Build.0 = Debug|Any CPU
		{BC35C3BA-4070-4ECC-8A63-74511605C5F0}.Release|Any CPU.ActiveCfg = Release|Any CPU
		{BC35C3BA-4070-4ECC-8A63-74511605C5F0}.Release|Any CPU.Build.0 = Release|Any CPU
		{97463E98-3BAD-4A03-BFCF-2B20B1083BD0}.Debug|Any CPU.ActiveCfg = Debug|Any CPU
		{97463E98-3BAD-4A03-BFCF-2B20B1083BD0}.Debug|Any CPU.Build.0 = Debug|Any CPU
		{97463E98-3BAD-4A03-BFCF-2B20B1083BD0}.Release|Any CPU.ActiveCfg = Release|Any CPU
		{97463E98-3BAD-4A03-BFCF-2B20B1083BD0}.Release|Any CPU.Build.0 = Release|Any CPU
	EndGlobalSection
	GlobalSection(NestedProjects) = preSolution
		{3635C6A8-5AC3-484D-BE41-06FE12D265DB} = {F150B9F6-99DE-4639-9EAE-A16D91B4133C}
		{AEDEDFE3-1C43-491E-A3ED-A0D0929E454E} = {EE962282-6372-4B7E-B52C-5CFC9CFCDDED}
		{6D89D28B-B8C9-49BE-845E-65B092EB57EB} = {F150B9F6-99DE-4639-9EAE-A16D91B4133C}
		{B0FB2BC9-4178-441D-B588-0105E8A47726} = {F150B9F6-99DE-4639-9EAE-A16D91B4133C}
		{EB07335E-639D-4AD8-A646-AEB94CADE687} = {F150B9F6-99DE-4639-9EAE-A16D91B4133C}
		{BC35C3BA-4070-4ECC-8A63-74511605C5F0} = {F150B9F6-99DE-4639-9EAE-A16D91B4133C}
		{97463E98-3BAD-4A03-BFCF-2B20B1083BD0} = {F150B9F6-99DE-4639-9EAE-A16D91B4133C}
	EndGlobalSection
EndGlobal
